
Microsoft Visual Studio Solution File, Format Version 12.00
# Visual Studio Version 17
VisualStudioVersion = 17.5.002.0
MinimumVisualStudioVersion = 10.0.40219.1
Project("{9A19103F-16F7-4668-BE54-9A1E7A4F7556}") = "ch7", "ch7.csproj", "{E45A92B1-00F0-4585-BED5-AF048FA664E9}"
EndProject
Global
	GlobalSection(SolutionConfigurationPlatforms) = preSolution
		Debug|Any CPU = Debug|Any CPU
		Release|Any CPU = Release|Any CPU
	EndGlobalSection
	GlobalSection(ProjectConfigurationPlatforms) = postSolution
		{E45A92B1-00F0-4585-BED5-AF048FA664E9}.Debug|Any CPU.ActiveCfg = Debug|Any CPU
		{E45A92B1-00F0-4585-BED5-AF048FA664E9}.Debug|Any CPU.Build.0 = Debug|Any CPU
		{E45A92B1-00F0-4585-BED5-AF048FA664E9}.Release|Any CPU.ActiveCfg = Release|Any CPU
		{E45A92B1-00F0-4585-BED5-AF048FA664E9}.Release|Any CPU.Build.0 = Release|Any CPU
	EndGlobalSection
	GlobalSection(SolutionProperties) = preSolution
		HideSolutionNode = FALSE
	EndGlobalSection
	GlobalSection(ExtensibilityGlobals) = postSolution
		SolutionGuid = {2E967F42-DB44-4C01-A613-DA302FBE402D}
	EndGlobalSection
EndGlobal
