
Microsoft Visual Studio Solution File, Format Version 12.00
# Visual Studio Version 17
VisualStudioVersion = 17.5.002.0
MinimumVisualStudioVersion = 10.0.40219.1
Project("{2150E333-8FDC-42A3-9474-1A3956D46DE8}") = "ch1", "ch1", "{DEB68697-0A78-4BAE-9544-5CCAC66C2254}"
EndProject
Project("{9A19103F-16F7-4668-BE54-9A1E7A4F7556}") = "ch1", "ch1\ex01\ch1.csproj", "{84F704C1-708B-486B-AA58-08951A31DB3A}"
EndProject
Project("{9A19103F-16F7-4668-BE54-9A1E7A4F7556}") = "ch1 (1)", "ch1\ex02\ch1.csproj", "{8ADB0B7D-3191-4B14-A0A9-27AFA4A33A43}"
EndProject
Project("{9A19103F-16F7-4668-BE54-9A1E7A4F7556}") = "ch1 (2)", "ch1\ex03\ch1.csproj", "{15F7301D-0A56-4DB5-BAA7-6CAB200BD47A}"
EndProject
Project("{9A19103F-16F7-4668-BE54-9A1E7A4F7556}") = "ch1 (3)", "ch1\ex04\ch1.csproj", "{51EDAC81-D37E-4EBA-B421-C8D16421F7F4}"
EndProject
Project("{9A19103F-16F7-4668-BE54-9A1E7A4F7556}") = "ch1 (4)", "ch1\ex05\ch1.csproj", "{A18362A5-3171-4EB4-B2B7-24A8CB916F6C}"
EndProject
Project("{9A19103F-16F7-4668-BE54-9A1E7A4F7556}") = "ch1 (5)", "ch1\ex06\ch1.csproj", "{78A98250-5C75-467F-8D58-DA1D5E96DFC9}"
EndProject
Project("{2150E333-8FDC-42A3-9474-1A3956D46DE8}") = "ch2", "ch2", "{7D9188F2-48E9-456C-9A7E-CCC5A3EBB366}"
EndProject
Project("{9A19103F-16F7-4668-BE54-9A1E7A4F7556}") = "ch2", "ch2\ex06\ch2.csproj", "{D508EE25-AB79-4708-AC09-F6EC144D869D}"
EndProject
Global
	GlobalSection(SolutionConfigurationPlatforms) = preSolution
		Debug|Any CPU = Debug|Any CPU
		Release|Any CPU = Release|Any CPU
	EndGlobalSection
	GlobalSection(ProjectConfigurationPlatforms) = postSolution
		{84F704C1-708B-486B-AA58-08951A31DB3A}.Debug|Any CPU.ActiveCfg = Debug|Any CPU
		{84F704C1-708B-486B-AA58-08951A31DB3A}.Debug|Any CPU.Build.0 = Debug|Any CPU
		{84F704C1-708B-486B-AA58-08951A31DB3A}.Release|Any CPU.ActiveCfg = Release|Any CPU
		{84F704C1-708B-486B-AA58-08951A31DB3A}.Release|Any CPU.Build.0 = Release|Any CPU
		{8ADB0B7D-3191-4B14-A0A9-27AFA4A33A43}.Debug|Any CPU.ActiveCfg = Debug|Any CPU
		{8ADB0B7D-3191-4B14-A0A9-27AFA4A33A43}.Debug|Any CPU.Build.0 = Debug|Any CPU
		{8ADB0B7D-3191-4B14-A0A9-27AFA4A33A43}.Release|Any CPU.ActiveCfg = Release|Any CPU
		{8ADB0B7D-3191-4B14-A0A9-27AFA4A33A43}.Release|Any CPU.Build.0 = Release|Any CPU
		{15F7301D-0A56-4DB5-BAA7-6CAB200BD47A}.Debug|Any CPU.ActiveCfg = Debug|Any CPU
		{15F7301D-0A56-4DB5-BAA7-6CAB200BD47A}.Debug|Any CPU.Build.0 = Debug|Any CPU
		{15F7301D-0A56-4DB5-BAA7-6CAB200BD47A}.Release|Any CPU.ActiveCfg = Release|Any CPU
		{15F7301D-0A56-4DB5-BAA7-6CAB200BD47A}.Release|Any CPU.Build.0 = Release|Any CPU
		{51EDAC81-D37E-4EBA-B421-C8D16421F7F4}.Debug|Any CPU.ActiveCfg = Debug|Any CPU
		{51EDAC81-D37E-4EBA-B421-C8D16421F7F4}.Debug|Any CPU.Build.0 = Debug|Any CPU
		{51EDAC81-D37E-4EBA-B421-C8D16421F7F4}.Release|Any CPU.ActiveCfg = Release|Any CPU
		{51EDAC81-D37E-4EBA-B421-C8D16421F7F4}.Release|Any CPU.Build.0 = Release|Any CPU
		{A18362A5-3171-4EB4-B2B7-24A8CB916F6C}.Debug|Any CPU.ActiveCfg = Debug|Any CPU
		{A18362A5-3171-4EB4-B2B7-24A8CB916F6C}.Debug|Any CPU.Build.0 = Debug|Any CPU
		{A18362A5-3171-4EB4-B2B7-24A8CB916F6C}.Release|Any CPU.ActiveCfg = Release|Any CPU
		{A18362A5-3171-4EB4-B2B7-24A8CB916F6C}.Release|Any CPU.Build.0 = Release|Any CPU
		{78A98250-5C75-467F-8D58-DA1D5E96DFC9}.Debug|Any CPU.ActiveCfg = Debug|Any CPU
		{78A98250-5C75-467F-8D58-DA1D5E96DFC9}.Debug|Any CPU.Build.0 = Debug|Any CPU
		{78A98250-5C75-467F-8D58-DA1D5E96DFC9}.Release|Any CPU.ActiveCfg = Release|Any CPU
		{78A98250-5C75-467F-8D58-DA1D5E96DFC9}.Release|Any CPU.Build.0 = Release|Any CPU
		{D508EE25-AB79-4708-AC09-F6EC144D869D}.Debug|Any CPU.ActiveCfg = Debug|Any CPU
		{D508EE25-AB79-4708-AC09-F6EC144D869D}.Debug|Any CPU.Build.0 = Debug|Any CPU
		{D508EE25-AB79-4708-AC09-F6EC144D869D}.Release|Any CPU.ActiveCfg = Release|Any CPU
		{D508EE25-AB79-4708-AC09-F6EC144D869D}.Release|Any CPU.Build.0 = Release|Any CPU
	EndGlobalSection
	GlobalSection(SolutionProperties) = preSolution
		HideSolutionNode = FALSE
	EndGlobalSection
	GlobalSection(NestedProjects) = preSolution
		{84F704C1-708B-486B-AA58-08951A31DB3A} = {DEB68697-0A78-4BAE-9544-5CCAC66C2254}
		{8ADB0B7D-3191-4B14-A0A9-27AFA4A33A43} = {DEB68697-0A78-4BAE-9544-5CCAC66C2254}
		{15F7301D-0A56-4DB5-BAA7-6CAB200BD47A} = {DEB68697-0A78-4BAE-9544-5CCAC66C2254}
		{51EDAC81-D37E-4EBA-B421-C8D16421F7F4} = {DEB68697-0A78-4BAE-9544-5CCAC66C2254}
		{A18362A5-3171-4EB4-B2B7-24A8CB916F6C} = {DEB68697-0A78-4BAE-9544-5CCAC66C2254}
		{78A98250-5C75-467F-8D58-DA1D5E96DFC9} = {DEB68697-0A78-4BAE-9544-5CCAC66C2254}
		{D508EE25-AB79-4708-AC09-F6EC144D869D} = {7D9188F2-48E9-456C-9A7E-CCC5A3EBB366}
	EndGlobalSection
	GlobalSection(ExtensibilityGlobals) = postSolution
		SolutionGuid = {551CA775-41F6-4C12-B0B3-7CF850A09CBD}
	EndGlobalSection
EndGlobal
