
Microsoft Visual Studio Solution File, Format Version 12.00
# Visual Studio Version 17
VisualStudioVersion = 17.5.002.0
MinimumVisualStudioVersion = 10.0.40219.1
Project("{9A19103F-16F7-4668-BE54-9A1E7A4F7556}") = "ch2", "ch2.csproj", "{4A607FA7-D748-4A1B-86E0-2A85A7EEA1C6}"
EndProject
Global
	GlobalSection(SolutionConfigurationPlatforms) = preSolution
		Debug|Any CPU = Debug|Any CPU
		Release|Any CPU = Release|Any CPU
	EndGlobalSection
	GlobalSection(ProjectConfigurationPlatforms) = postSolution
		{4A607FA7-D748-4A1B-86E0-2A85A7EEA1C6}.Debug|Any CPU.ActiveCfg = Debug|Any CPU
		{4A607FA7-D748-4A1B-86E0-2A85A7EEA1C6}.Debug|Any CPU.Build.0 = Debug|Any CPU
		{4A607FA7-D748-4A1B-86E0-2A85A7EEA1C6}.Release|Any CPU.ActiveCfg = Release|Any CPU
		{4A607FA7-D748-4A1B-86E0-2A85A7EEA1C6}.Release|Any CPU.Build.0 = Release|Any CPU
	EndGlobalSection
	GlobalSection(SolutionProperties) = preSolution
		HideSolutionNode = FALSE
	EndGlobalSection
	GlobalSection(ExtensibilityGlobals) = postSolution
		SolutionGuid = {95671DB7-290E-4DBA-BFF6-A99B9D9309BE}
	EndGlobalSection
EndGlobal
