
Microsoft Visual Studio Solution File, Format Version 12.00
# Visual Studio Version 17
VisualStudioVersion = 17.5.002.0
MinimumVisualStudioVersion = 10.0.40219.1
Project("{9A19103F-16F7-4668-BE54-9A1E7A4F7556}") = "ch2", "ch2.csproj", "{011DC709-8661-44B5-B30B-37BB8B863580}"
EndProject
Global
	GlobalSection(SolutionConfigurationPlatforms) = preSolution
		Debug|Any CPU = Debug|Any CPU
		Release|Any CPU = Release|Any CPU
	EndGlobalSection
	GlobalSection(ProjectConfigurationPlatforms) = postSolution
		{011DC709-8661-44B5-B30B-37BB8B863580}.Debug|Any CPU.ActiveCfg = Debug|Any CPU
		{011DC709-8661-44B5-B30B-37BB8B863580}.Debug|Any CPU.Build.0 = Debug|Any CPU
		{011DC709-8661-44B5-B30B-37BB8B863580}.Release|Any CPU.ActiveCfg = Release|Any CPU
		{011DC709-8661-44B5-B30B-37BB8B863580}.Release|Any CPU.Build.0 = Release|Any CPU
	EndGlobalSection
	GlobalSection(SolutionProperties) = preSolution
		HideSolutionNode = FALSE
	EndGlobalSection
	GlobalSection(ExtensibilityGlobals) = postSolution
		SolutionGuid = {5E47BDDF-15D6-4C8A-852C-C5AA55D7843B}
	EndGlobalSection
EndGlobal
