
Microsoft Visual Studio Solution File, Format Version 12.00
# Visual Studio Version 17
VisualStudioVersion = 17.5.002.0
MinimumVisualStudioVersion = 10.0.40219.1
Project("{9A19103F-16F7-4668-BE54-9A1E7A4F7556}") = "ch1", "ch1.csproj", "{ECBADCA4-BA8A-4CD6-81DB-3F6BE1689DED}"
EndProject
Global
	GlobalSection(SolutionConfigurationPlatforms) = preSolution
		Debug|Any CPU = Debug|Any CPU
		Release|Any CPU = Release|Any CPU
	EndGlobalSection
	GlobalSection(ProjectConfigurationPlatforms) = postSolution
		{ECBADCA4-BA8A-4CD6-81DB-3F6BE1689DED}.Debug|Any CPU.ActiveCfg = Debug|Any CPU
		{ECBADCA4-BA8A-4CD6-81DB-3F6BE1689DED}.Debug|Any CPU.Build.0 = Debug|Any CPU
		{ECBADCA4-BA8A-4CD6-81DB-3F6BE1689DED}.Release|Any CPU.ActiveCfg = Release|Any CPU
		{ECBADCA4-BA8A-4CD6-81DB-3F6BE1689DED}.Release|Any CPU.Build.0 = Release|Any CPU
	EndGlobalSection
	GlobalSection(SolutionProperties) = preSolution
		HideSolutionNode = FALSE
	EndGlobalSection
	GlobalSection(ExtensibilityGlobals) = postSolution
		SolutionGuid = {B0E5E93F-C4DB-4862-AC9B-631B160C47CE}
	EndGlobalSection
EndGlobal
