
Microsoft Visual Studio Solution File, Format Version 12.00
# Visual Studio Version 17
VisualStudioVersion = 17.5.002.0
MinimumVisualStudioVersion = 10.0.40219.1
Project("{9A19103F-16F7-4668-BE54-9A1E7A4F7556}") = "ch6_chat", "ch6_chat.csproj", "{9D7F4730-04BF-4E06-8697-F0A165AA198E}"
EndProject
Global
	GlobalSection(SolutionConfigurationPlatforms) = preSolution
		Debug|Any CPU = Debug|Any CPU
		Release|Any CPU = Release|Any CPU
	EndGlobalSection
	GlobalSection(ProjectConfigurationPlatforms) = postSolution
		{9D7F4730-04BF-4E06-8697-F0A165AA198E}.Debug|Any CPU.ActiveCfg = Debug|Any CPU
		{9D7F4730-04BF-4E06-8697-F0A165AA198E}.Debug|Any CPU.Build.0 = Debug|Any CPU
		{9D7F4730-04BF-4E06-8697-F0A165AA198E}.Release|Any CPU.ActiveCfg = Release|Any CPU
		{9D7F4730-04BF-4E06-8697-F0A165AA198E}.Release|Any CPU.Build.0 = Release|Any CPU
	EndGlobalSection
	GlobalSection(SolutionProperties) = preSolution
		HideSolutionNode = FALSE
	EndGlobalSection
	GlobalSection(ExtensibilityGlobals) = postSolution
		SolutionGuid = {E3A9268B-DB23-4BC8-BF81-690977A7137F}
	EndGlobalSection
EndGlobal
